
Microsoft Visual Studio Solution File, Format Version 12.00
# Visual Studio Version 17
VisualStudioVersion = 17.3.32804.467
MinimumVisualStudioVersion = 10.0.40219.1
Project("{FAE04EC0-301F-11D3-BF4B-00C04F79EFBC}") = "RepairShopAPI", "RepairShopAPI\RepairShopAPI.csproj", "{074825EB-1FCB-4E16-AFF9-1C515617F59C}"
EndProject
Global
	GlobalSection(SolutionConfigurationPlatforms) = preSolution
		Debug|Any CPU = Debug|Any CPU
		Release|Any CPU = Release|Any CPU
	EndGlobalSection
	GlobalSection(ProjectConfigurationPlatforms) = postSolution
		{074825EB-1FCB-4E16-AFF9-1C515617F59C}.Debug|Any CPU.ActiveCfg = Debug|Any CPU
		{074825EB-1FCB-4E16-AFF9-1C515617F59C}.Debug|Any CPU.Build.0 = Debug|Any CPU
		{074825EB-1FCB-4E16-AFF9-1C515617F59C}.Release|Any CPU.ActiveCfg = Release|Any CPU
		{074825EB-1FCB-4E16-AFF9-1C515617F59C}.Release|Any CPU.Build.0 = Release|Any CPU
	EndGlobalSection
	GlobalSection(SolutionProperties) = preSolution
		HideSolutionNode = FALSE
	EndGlobalSection
	GlobalSection(ExtensibilityGlobals) = postSolution
		SolutionGuid = {8777D608-028D-4518-902A-5B345208A9B3}
	EndGlobalSection
EndGlobal
